// !$*UTF8*$!
{
	archiveVersion = 1;
	classes = {
	};
	objectVersion = 56;
	objects = {

/* Begin PBXBuildFile section */
		1F97D7CE2B6AE851003E3F23 /* RealityKitContent in Frameworks */ = {isa = PBXBuildFile; productRef = 1F97D7CD2B6AE851003E3F23 /* RealityKitContent */; };
		1F97D7D02B6AE851003E3F23 /* THAT_MerchandisingApp.swift in Sources */ = {isa = PBXBuildFile; fileRef = 1F97D7CF2B6AE851003E3F23 /* THAT_MerchandisingApp.swift */; };
		1F97D7D22B6AE851003E3F23 /* ContentView.swift in Sources */ = {isa = PBXBuildFile; fileRef = 1F97D7D12B6AE851003E3F23 /* ContentView.swift */; };
		1F97D7D42B6AE851003E3F23 /* ImmersiveView.swift in Sources */ = {isa = PBXBuildFile; fileRef = 1F97D7D32B6AE851003E3F23 /* ImmersiveView.swift */; };
		1F97D7D62B6AE853003E3F23 /* Assets.xcassets in Resources */ = {isa = PBXBuildFile; fileRef = 1F97D7D52B6AE853003E3F23 /* Assets.xcassets */; };
		1F97D7D92B6AE853003E3F23 /* Preview Assets.xcassets in Resources */ = {isa = PBXBuildFile; fileRef = 1F97D7D82B6AE853003E3F23 /* Preview Assets.xcassets */; };
		1F97D7E12B6AEA08003E3F23 /* WebView.swift in Sources */ = {isa = PBXBuildFile; fileRef = 1F97D7E02B6AEA08003E3F23 /* WebView.swift */; };
		1F97D7E32B6AEC7D003E3F23 /* Products.swift in Sources */ = {isa = PBXBuildFile; fileRef = 1F97D7E22B6AEC7D003E3F23 /* Products.swift */; };
		1F97D7E52B6AEE19003E3F23 /* ViewModel.swift in Sources */ = {isa = PBXBuildFile; fileRef = 1F97D7E42B6AEE19003E3F23 /* ViewModel.swift */; };
/* End PBXBuildFile section */

/* Begin PBXFileReference section */
		1F97D7C82B6AE851003E3F23 /* THAT Merchandising.app */ = {isa = PBXFileReference; explicitFileType = wrapper.application; includeInIndex = 0; path = "THAT Merchandising.app"; sourceTree = BUILT_PRODUCTS_DIR; };
		1F97D7CC2B6AE851003E3F23 /* RealityKitContent */ = {isa = PBXFileReference; lastKnownFileType = wrapper; path = RealityKitContent; sourceTree = "<group>"; };
		1F97D7CF2B6AE851003E3F23 /* THAT_MerchandisingApp.swift */ = {isa = PBXFileReference; lastKnownFileType = sourcecode.swift; path = THAT_MerchandisingApp.swift; sourceTree = "<group>"; };
		1F97D7D12B6AE851003E3F23 /* ContentView.swift */ = {isa = PBXFileReference; lastKnownFileType = sourcecode.swift; path = ContentView.swift; sourceTree = "<group>"; };
		1F97D7D32B6AE851003E3F23 /* ImmersiveView.swift */ = {isa = PBXFileReference; lastKnownFileType = sourcecode.swift; path = ImmersiveView.swift; sourceTree = "<group>"; };
		1F97D7D52B6AE853003E3F23 /* Assets.xcassets */ = {isa = PBXFileReference; lastKnownFileType = folder.assetcatalog; path = Assets.xcassets; sourceTree = "<group>"; };
		1F97D7D82B6AE853003E3F23 /* Preview Assets.xcassets */ = {isa = PBXFileReference; lastKnownFileType = folder.assetcatalog; path = "Preview Assets.xcassets"; sourceTree = "<group>"; };
		1F97D7DA2B6AE853003E3F23 /* Info.plist */ = {isa = PBXFileReference; lastKnownFileType = text.plist.xml; path = Info.plist; sourceTree = "<group>"; };
		1F97D7E02B6AEA08003E3F23 /* WebView.swift */ = {isa = PBXFileReference; lastKnownFileType = sourcecode.swift; path = WebView.swift; sourceTree = "<group>"; };
		1F97D7E22B6AEC7D003E3F23 /* Products.swift */ = {isa = PBXFileReference; lastKnownFileType = sourcecode.swift; path = Products.swift; sourceTree = "<group>"; };
		1F97D7E42B6AEE19003E3F23 /* ViewModel.swift */ = {isa = PBXFileReference; lastKnownFileType = sourcecode.swift; path = ViewModel.swift; sourceTree = "<group>"; };
/* End PBXFileReference section */

/* Begin PBXFrameworksBuildPhase section */
		1F97D7C52B6AE851003E3F23 /* Frameworks */ = {
			isa = PBXFrameworksBuildPhase;
			buildActionMask = 2147483647;
			files = (
				1F97D7CE2B6AE851003E3F23 /* RealityKitContent in Frameworks */,
			);
			runOnlyForDeploymentPostprocessing = 0;
		};
/* End PBXFrameworksBuildPhase section */

/* Begin PBXGroup section */
		1F97D7BF2B6AE851003E3F23 = {
			isa = PBXGroup;
			children = (
				1F97D7CA2B6AE851003E3F23 /* THAT Merchandising */,
				1F97D7CB2B6AE851003E3F23 /* Packages */,
				1F97D7C92B6AE851003E3F23 /* Products */,
			);
			sourceTree = "<group>";
		};
		1F97D7C92B6AE851003E3F23 /* Products */ = {
			isa = PBXGroup;
			children = (
				1F97D7C82B6AE851003E3F23 /* THAT Merchandising.app */,
			);
			name = Products;
			sourceTree = "<group>";
		};
		1F97D7CA2B6AE851003E3F23 /* THAT Merchandising */ = {
			isa = PBXGroup;
			children = (
				1F97D7CF2B6AE851003E3F23 /* THAT_MerchandisingApp.swift */,
				1F97D7D12B6AE851003E3F23 /* ContentView.swift */,
				1F97D7D32B6AE851003E3F23 /* ImmersiveView.swift */,
				1F97D7D52B6AE853003E3F23 /* Assets.xcassets */,
				1F97D7DA2B6AE853003E3F23 /* Info.plist */,
				1F97D7D72B6AE853003E3F23 /* Preview Content */,
				1F97D7E02B6AEA08003E3F23 /* WebView.swift */,
				1F97D7E22B6AEC7D003E3F23 /* Products.swift */,
				1F97D7E42B6AEE19003E3F23 /* ViewModel.swift */,
			);
			path = "THAT Merchandising";
			sourceTree = "<group>";
		};
		1F97D7CB2B6AE851003E3F23 /* Packages */ = {
			isa = PBXGroup;
			children = (
				1F97D7CC2B6AE851003E3F23 /* RealityKitContent */,
			);
			path = Packages;
			sourceTree = "<group>";
		};
		1F97D7D72B6AE853003E3F23 /* Preview Content */ = {
			isa = PBXGroup;
			children = (
				1F97D7D82B6AE853003E3F23 /* Preview Assets.xcassets */,
			);
			path = "Preview Content";
			sourceTree = "<group>";
		};
/* End PBXGroup section */

/* Begin PBXNativeTarget section */
		1F97D7C72B6AE851003E3F23 /* THAT Merchandising */ = {
			isa = PBXNativeTarget;
			buildConfigurationList = 1F97D7DD2B6AE853003E3F23 /* Build configuration list for PBXNativeTarget "THAT Merchandising" */;
			buildPhases = (
				1F97D7C42B6AE851003E3F23 /* Sources */,
				1F97D7C52B6AE851003E3F23 /* Frameworks */,
				1F97D7C62B6AE851003E3F23 /* Resources */,
			);
			buildRules = (
			);
			dependencies = (
			);
			name = "THAT Merchandising";
			packageProductDependencies = (
				1F97D7CD2B6AE851003E3F23 /* RealityKitContent */,
			);
			productName = "THAT Merchandising";
			productReference = 1F97D7C82B6AE851003E3F23 /* THAT Merchandising.app */;
			productType = "com.apple.product-type.application";
		};
/* End PBXNativeTarget section */

/* Begin PBXProject section */
		1F97D7C02B6AE851003E3F23 /* Project object */ = {
			isa = PBXProject;
			attributes = {
				BuildIndependentTargetsInParallel = 1;
				LastSwiftUpdateCheck = 1520;
				LastUpgradeCheck = 1520;
				TargetAttributes = {
					1F97D7C72B6AE851003E3F23 = {
						CreatedOnToolsVersion = 15.2;
					};
				};
			};
			buildConfigurationList = 1F97D7C32B6AE851003E3F23 /* Build configuration list for PBXProject "THAT Merchandising" */;
			compatibilityVersion = "Xcode 14.0";
			developmentRegion = en;
			hasScannedForEncodings = 0;
			knownRegions = (
				en,
				Base,
			);
			mainGroup = 1F97D7BF2B6AE851003E3F23;
			productRefGroup = 1F97D7C92B6AE851003E3F23 /* Products */;
			projectDirPath = "";
			projectRoot = "";
			targets = (
				1F97D7C72B6AE851003E3F23 /* THAT Merchandising */,
			);
		};
/* End PBXProject section */

/* Begin PBXResourcesBuildPhase section */
		1F97D7C62B6AE851003E3F23 /* Resources */ = {
			isa = PBXResourcesBuildPhase;
			buildActionMask = 2147483647;
			files = (
				1F97D7D92B6AE853003E3F23 /* Preview Assets.xcassets in Resources */,
				1F97D7D62B6AE853003E3F23 /* Assets.xcassets in Resources */,
			);
			runOnlyForDeploymentPostprocessing = 0;
		};
/* End PBXResourcesBuildPhase section */

/* Begin PBXSourcesBuildPhase section */
		1F97D7C42B6AE851003E3F23 /* Sources */ = {
			isa = PBXSourcesBuildPhase;
			buildActionMask = 2147483647;
			files = (
				1F97D7D22B6AE851003E3F23 /* ContentView.swift in Sources */,
				1F97D7E12B6AEA08003E3F23 /* WebView.swift in Sources */,
				1F97D7E32B6AEC7D003E3F23 /* Products.swift in Sources */,
				1F97D7D02B6AE851003E3F23 /* THAT_MerchandisingApp.swift in Sources */,
				1F97D7E52B6AEE19003E3F23 /* ViewModel.swift in Sources */,
				1F97D7D42B6AE851003E3F23 /* ImmersiveView.swift in Sources */,
			);
			runOnlyForDeploymentPostprocessing = 0;
		};
/* End PBXSourcesBuildPhase section */

/* Begin XCBuildConfiguration section */
		1F97D7DB2B6AE853003E3F23 /* Debug */ = {
			isa = XCBuildConfiguration;
			buildSettings = {
				ALWAYS_SEARCH_USER_PATHS = NO;
				ASSETCATALOG_COMPILER_GENERATE_SWIFT_ASSET_SYMBOL_EXTENSIONS = YES;
				CLANG_ANALYZER_NONNULL = YES;
				CLANG_ANALYZER_NUMBER_OBJECT_CONVERSION = YES_AGGRESSIVE;
				CLANG_CXX_LANGUAGE_STANDARD = "gnu++20";
				CLANG_ENABLE_MODULES = YES;
				CLANG_ENABLE_OBJC_ARC = YES;
				CLANG_ENABLE_OBJC_WEAK = YES;
				CLANG_WARN_BLOCK_CAPTURE_AUTORELEASING = YES;
				CLANG_WARN_BOOL_CONVERSION = YES;
				CLANG_WARN_COMMA = YES;
				CLANG_WARN_CONSTANT_CONVERSION = YES;
				CLANG_WARN_DEPRECATED_OBJC_IMPLEMENTATIONS = YES;
				CLANG_WARN_DIRECT_OBJC_ISA_USAGE = YES_ERROR;
				CLANG_WARN_DOCUMENTATION_COMMENTS = YES;
				CLANG_WARN_EMPTY_BODY = YES;
				CLANG_WARN_ENUM_CONVERSION = YES;
				CLANG_WARN_INFINITE_RECURSION = YES;
				CLANG_WARN_INT_CONVERSION = YES;
				CLANG_WARN_NON_LITERAL_NULL_CONVERSION = YES;
				CLANG_WARN_OBJC_IMPLICIT_RETAIN_SELF = YES;
				CLANG_WARN_OBJC_LITERAL_CONVERSION = YES;
				CLANG_WARN_OBJC_ROOT_CLASS = YES_ERROR;
				CLANG_WARN_QUOTED_INCLUDE_IN_FRAMEWORK_HEADER = YES;
				CLANG_WARN_RANGE_LOOP_ANALYSIS = YES;
				CLANG_WARN_STRICT_PROTOTYPES = YES;
				CLANG_WARN_SUSPICIOUS_MOVE = YES;
				CLANG_WARN_UNGUARDED_AVAILABILITY = YES_AGGRESSIVE;
				CLANG_WARN_UNREACHABLE_CODE = YES;
				CLANG_WARN__DUPLICATE_METHOD_MATCH = YES;
				COPY_PHASE_STRIP = NO;
				DEBUG_INFORMATION_FORMAT = dwarf;
				ENABLE_STRICT_OBJC_MSGSEND = YES;
				ENABLE_TESTABILITY = YES;
				ENABLE_USER_SCRIPT_SANDBOXING = YES;
				GCC_C_LANGUAGE_STANDARD = gnu17;
				GCC_DYNAMIC_NO_PIC = NO;
				GCC_NO_COMMON_BLOCKS = YES;
				GCC_OPTIMIZATION_LEVEL = 0;
				GCC_PREPROCESSOR_DEFINITIONS = (
					"DEBUG=1",
					"$(inherited)",
				);
				GCC_WARN_64_TO_32_BIT_CONVERSION = YES;
				GCC_WARN_ABOUT_RETURN_TYPE = YES_ERROR;
				GCC_WARN_UNDECLARED_SELECTOR = YES;
				GCC_WARN_UNINITIALIZED_AUTOS = YES_AGGRESSIVE;
				GCC_WARN_UNUSED_FUNCTION = YES;
				GCC_WARN_UNUSED_VARIABLE = YES;
				LOCALIZATION_PREFERS_STRING_CATALOGS = YES;
				MTL_ENABLE_DEBUG_INFO = INCLUDE_SOURCE;
				MTL_FAST_MATH = YES;
				ONLY_ACTIVE_ARCH = YES;
				SDKROOT = xros;
				SWIFT_ACTIVE_COMPILATION_CONDITIONS = "DEBUG $(inherited)";
				SWIFT_OPTIMIZATION_LEVEL = "-Onone";
				XROS_DEPLOYMENT_TARGET = 1.0;
			};
			name = Debug;
		};
		1F97D7DC2B6AE853003E3F23 /* Release */ = {
			isa = XCBuildConfiguration;
			buildSettings = {
				ALWAYS_SEARCH_USER_PATHS = NO;
				ASSETCATALOG_COMPILER_GENERATE_SWIFT_ASSET_SYMBOL_EXTENSIONS = YES;
				CLANG_ANALYZER_NONNULL = YES;
				CLANG_ANALYZER_NUMBER_OBJECT_CONVERSION = YES_AGGRESSIVE;
				CLANG_CXX_LANGUAGE_STANDARD = "gnu++20";
				CLANG_ENABLE_MODULES = YES;
				CLANG_ENABLE_OBJC_ARC = YES;
				CLANG_ENABLE_OBJC_WEAK = YES;
				CLANG_WARN_BLOCK_CAPTURE_AUTORELEASING = YES;
				CLANG_WARN_BOOL_CONVERSION = YES;
				CLANG_WARN_COMMA = YES;
				CLANG_WARN_CONSTANT_CONVERSION = YES;
				CLANG_WARN_DEPRECATED_OBJC_IMPLEMENTATIONS = YES;
				CLANG_WARN_DIRECT_OBJC_ISA_USAGE = YES_ERROR;
				CLANG_WARN_DOCUMENTATION_COMMENTS = YES;
				CLANG_WARN_EMPTY_BODY = YES;
				CLANG_WARN_ENUM_CONVERSION = YES;
				CLANG_WARN_INFINITE_RECURSION = YES;
				CLANG_WARN_INT_CONVERSION = YES;
				CLANG_WARN_NON_LITERAL_NULL_CONVERSION = YES;
				CLANG_WARN_OBJC_IMPLICIT_RETAIN_SELF = YES;
				CLANG_WARN_OBJC_LITERAL_CONVERSION = YES;
				CLANG_WARN_OBJC_ROOT_CLASS = YES_ERROR;
				CLANG_WARN_QUOTED_INCLUDE_IN_FRAMEWORK_HEADER = YES;
				CLANG_WARN_RANGE_LOOP_ANALYSIS = YES;
				CLANG_WARN_STRICT_PROTOTYPES = YES;
				CLANG_WARN_SUSPICIOUS_MOVE = YES;
				CLANG_WARN_UNGUARDED_AVAILABILITY = YES_AGGRESSIVE;
				CLANG_WARN_UNREACHABLE_CODE = YES;
				CLANG_WARN__DUPLICATE_METHOD_MATCH = YES;
				COPY_PHASE_STRIP = NO;
				DEBUG_INFORMATION_FORMAT = "dwarf-with-dsym";
				ENABLE_NS_ASSERTIONS = NO;
				ENABLE_STRICT_OBJC_MSGSEND = YES;
				ENABLE_USER_SCRIPT_SANDBOXING = YES;
				GCC_C_LANGUAGE_STANDARD = gnu17;
				GCC_NO_COMMON_BLOCKS = YES;
				GCC_WARN_64_TO_32_BIT_CONVERSION = YES;
				GCC_WARN_ABOUT_RETURN_TYPE = YES_ERROR;
				GCC_WARN_UNDECLARED_SELECTOR = YES;
				GCC_WARN_UNINITIALIZED_AUTOS = YES_AGGRESSIVE;
				GCC_WARN_UNUSED_FUNCTION = YES;
				GCC_WARN_UNUSED_VARIABLE = YES;
				LOCALIZATION_PREFERS_STRING_CATALOGS = YES;
				MTL_ENABLE_DEBUG_INFO = NO;
				MTL_FAST_MATH = YES;
				SDKROOT = xros;
				SWIFT_COMPILATION_MODE = wholemodule;
				VALIDATE_PRODUCT = YES;
				XROS_DEPLOYMENT_TARGET = 1.0;
			};
			name = Release;
		};
		1F97D7DE2B6AE853003E3F23 /* Debug */ = {
			isa = XCBuildConfiguration;
			buildSettings = {
				ASSETCATALOG_COMPILER_APPICON_NAME = AppIcon;
				ASSETCATALOG_COMPILER_GLOBAL_ACCENT_COLOR_NAME = AccentColor;
				CODE_SIGN_STYLE = Automatic;
				CURRENT_PROJECT_VERSION = 1;
				DEVELOPMENT_ASSET_PATHS = "\"THAT Merchandising/Preview Content\"";
				DEVELOPMENT_TEAM = L8KV5AWUFA;
				ENABLE_PREVIEWS = YES;
				GENERATE_INFOPLIST_FILE = YES;
				INFOPLIST_FILE = "$(TARGET_NAME)/Info.plist";
				LD_RUNPATH_SEARCH_PATHS = (
					"$(inherited)",
					"@executable_path/Frameworks",
				);
				MARKETING_VERSION = 1.0;
				PRODUCT_BUNDLE_IDENTIFIER = "com.ruddell.THAT-Merchandising";
				PRODUCT_NAME = "$(TARGET_NAME)";
				SUPPORTED_PLATFORMS = "xros xrsimulator";
				SWIFT_EMIT_LOC_STRINGS = YES;
				SWIFT_VERSION = 5.0;
				TARGETED_DEVICE_FAMILY = "1,2,7";
			};
			name = Debug;
		};
		1F97D7DF2B6AE853003E3F23 /* Release */ = {
			isa = XCBuildConfiguration;
			buildSettings = {
				ASSETCATALOG_COMPILER_APPICON_NAME = AppIcon;
				ASSETCATALOG_COMPILER_GLOBAL_ACCENT_COLOR_NAME = AccentColor;
				CODE_SIGN_STYLE = Automatic;
				CURRENT_PROJECT_VERSION = 1;
				DEVELOPMENT_ASSET_PATHS = "\"THAT Merchandising/Preview Content\"";
				DEVELOPMENT_TEAM = L8KV5AWUFA;
				ENABLE_PREVIEWS = YES;
				GENERATE_INFOPLIST_FILE = YES;
				INFOPLIST_FILE = "$(TARGET_NAME)/Info.plist";
				LD_RUNPATH_SEARCH_PATHS = (
					"$(inherited)",
					"@executable_path/Frameworks",
				);
				MARKETING_VERSION = 1.0;
				PRODUCT_BUNDLE_IDENTIFIER = "com.ruddell.THAT-Merchandising";
				PRODUCT_NAME = "$(TARGET_NAME)";
				SUPPORTED_PLATFORMS = "xros xrsimulator";
				SWIFT_EMIT_LOC_STRINGS = YES;
				SWIFT_VERSION = 5.0;
				TARGETED_DEVICE_FAMILY = "1,2,7";
			};
			name = Release;
		};
/* End XCBuildConfiguration section */

/* Begin XCConfigurationList section */
		1F97D7C32B6AE851003E3F23 /* Build configuration list for PBXProject "THAT Merchandising" */ = {
			isa = XCConfigurationList;
			buildConfigurations = (
				1F97D7DB2B6AE853003E3F23 /* Debug */,
				1F97D7DC2B6AE853003E3F23 /* Release */,
			);
			defaultConfigurationIsVisible = 0;
			defaultConfigurationName = Release;
		};
		1F97D7DD2B6AE853003E3F23 /* Build configuration list for PBXNativeTarget "THAT Merchandising" */ = {
			isa = XCConfigurationList;
			buildConfigurations = (
				1F97D7DE2B6AE853003E3F23 /* Debug */,
				1F97D7DF2B6AE853003E3F23 /* Release */,
			);
			defaultConfigurationIsVisible = 0;
			defaultConfigurationName = Release;
		};
/* End XCConfigurationList section */

/* Begin XCSwiftPackageProductDependency section */
		1F97D7CD2B6AE851003E3F23 /* RealityKitContent */ = {
			isa = XCSwiftPackageProductDependency;
			productName = RealityKitContent;
		};
/* End XCSwiftPackageProductDependency section */
	};
	rootObject = 1F97D7C02B6AE851003E3F23 /* Project object */;
}
